
Microsoft Visual Studio Solution File, Format Version 12.00
# Visual Studio 14
VisualStudioVersion = 14.0.25123.0
MinimumVisualStudioVersion = 10.0.40219.1
Project("{F184B08F-C81C-45F6-A57F-5ABD9991F28F}") = "IS2215Project", "IS2215Project\IS2215Project.vbproj", "{FB904E62-50A1-48FF-B773-F0D412ED6ACC}"
EndProject
Global
	GlobalSection(SolutionConfigurationPlatforms) = preSolution
		Debug|Any CPU = Debug|Any CPU
		Release|Any CPU = Release|Any CPU
	EndGlobalSection
	GlobalSection(ProjectConfigurationPlatforms) = postSolution
		{FB904E62-50A1-48FF-B773-F0D412ED6ACC}.Debug|Any CPU.ActiveCfg = Debug|Any CPU
		{FB904E62-50A1-48FF-B773-F0D412ED6ACC}.Debug|Any CPU.Build.0 = Debug|Any CPU
		{FB904E62-50A1-48FF-B773-F0D412ED6ACC}.Release|Any CPU.ActiveCfg = Release|Any CPU
		{FB904E62-50A1-48FF-B773-F0D412ED6ACC}.Release|Any CPU.Build.0 = Release|Any CPU
	EndGlobalSection
	GlobalSection(SolutionProperties) = preSolution
		HideSolutionNode = FALSE
	EndGlobalSection
EndGlobal
